// !$*UTF8*$!
{
	archiveVersion = 1;
	classes = {
	};
	objectVersion = 48;
	objects = {

/* Begin PBXBuildFile section */
		3ED46B0E20016E7800A9574B /* AppDelegate.swift in Sources */ = {isa = PBXBuildFile; fileRef = 3ED46B0D20016E7800A9574B /* AppDelegate.swift */; };
		3ED46B1320016E7800A9574B /* Main.storyboard in Resources */ = {isa = PBXBuildFile; fileRef = 3ED46B1120016E7800A9574B /* Main.storyboard */; };
		3ED46B1520016E7800A9574B /* Assets.xcassets in Resources */ = {isa = PBXBuildFile; fileRef = 3ED46B1420016E7800A9574B /* Assets.xcassets */; };
		3ED46B1820016E7800A9574B /* LaunchScreen.storyboard in Resources */ = {isa = PBXBuildFile; fileRef = 3ED46B1620016E7800A9574B /* LaunchScreen.storyboard */; };
		3ED46B2020016F6B00A9574B /* ViewController.swift in Sources */ = {isa = PBXBuildFile; fileRef = 3ED46B1F20016F6B00A9574B /* ViewController.swift */; };
		3ED46B2220016F7A00A9574B /* TableViewController.swift in Sources */ = {isa = PBXBuildFile; fileRef = 3ED46B2120016F7A00A9574B /* TableViewController.swift */; };
/* End PBXBuildFile section */

/* Begin PBXFileReference section */
		3ED46B0A20016E7800A9574B /* Doors Open Ottawa.app */ = {isa = PBXFileReference; explicitFileType = wrapper.application; includeInIndex = 0; path = "Doors Open Ottawa.app"; sourceTree = BUILT_PRODUCTS_DIR; };
		3ED46B0D20016E7800A9574B /* AppDelegate.swift */ = {isa = PBXFileReference; lastKnownFileType = sourcecode.swift; path = AppDelegate.swift; sourceTree = "<group>"; };
		3ED46B1220016E7800A9574B /* Base */ = {isa = PBXFileReference; lastKnownFileType = file.storyboard; name = Base; path = Base.lproj/Main.storyboard; sourceTree = "<group>"; };
		3ED46B1420016E7800A9574B /* Assets.xcassets */ = {isa = PBXFileReference; lastKnownFileType = folder.assetcatalog; path = Assets.xcassets; sourceTree = "<group>"; };
		3ED46B1720016E7800A9574B /* Base */ = {isa = PBXFileReference; lastKnownFileType = file.storyboard; name = Base; path = Base.lproj/LaunchScreen.storyboard; sourceTree = "<group>"; };
		3ED46B1920016E7800A9574B /* Info.plist */ = {isa = PBXFileReference; lastKnownFileType = text.plist.xml; path = Info.plist; sourceTree = "<group>"; };
		3ED46B1F20016F6B00A9574B /* ViewController.swift */ = {isa = PBXFileReference; lastKnownFileType = sourcecode.swift; path = ViewController.swift; sourceTree = "<group>"; };
		3ED46B2120016F7A00A9574B /* TableViewController.swift */ = {isa = PBXFileReference; lastKnownFileType = sourcecode.swift; path = TableViewController.swift; sourceTree = "<group>"; };
/* End PBXFileReference section */

/* Begin PBXFrameworksBuildPhase section */
		3ED46B0720016E7800A9574B /* Frameworks */ = {
			isa = PBXFrameworksBuildPhase;
			buildActionMask = 2147483647;
			files = (
			);
			runOnlyForDeploymentPostprocessing = 0;
		};
/* End PBXFrameworksBuildPhase section */

/* Begin PBXGroup section */
		3ED46B0120016E7800A9574B = {
			isa = PBXGroup;
			children = (
				3ED46B0C20016E7800A9574B /* Doors Open Ottawa */,
				3ED46B0B20016E7800A9574B /* Products */,
			);
			sourceTree = "<group>";
		};
		3ED46B0B20016E7800A9574B /* Products */ = {
			isa = PBXGroup;
			children = (
				3ED46B0A20016E7800A9574B /* Doors Open Ottawa.app */,
			);
			name = Products;
			sourceTree = "<group>";
		};
		3ED46B0C20016E7800A9574B /* Doors Open Ottawa */ = {
			isa = PBXGroup;
			children = (
				3ED46B0D20016E7800A9574B /* AppDelegate.swift */,
				3ED46B1120016E7800A9574B /* Main.storyboard */,
				3ED46B1420016E7800A9574B /* Assets.xcassets */,
				3ED46B1620016E7800A9574B /* LaunchScreen.storyboard */,
				3ED46B1920016E7800A9574B /* Info.plist */,
				3ED46B1F20016F6B00A9574B /* ViewController.swift */,
				3ED46B2120016F7A00A9574B /* TableViewController.swift */,
			);
			path = "Doors Open Ottawa";
			sourceTree = "<group>";
		};
/* End PBXGroup section */

/* Begin PBXNativeTarget section */
		3ED46B0920016E7800A9574B /* Doors Open Ottawa */ = {
			isa = PBXNativeTarget;
			buildConfigurationList = 3ED46B1C20016E7800A9574B /* Build configuration list for PBXNativeTarget "Doors Open Ottawa" */;
			buildPhases = (
				3ED46B0620016E7800A9574B /* Sources */,
				3ED46B0720016E7800A9574B /* Frameworks */,
				3ED46B0820016E7800A9574B /* Resources */,
			);
			buildRules = (
			);
			dependencies = (
			);
			name = "Doors Open Ottawa";
			productName = "Doors Open Ottawa";
			productReference = 3ED46B0A20016E7800A9574B /* Doors Open Ottawa.app */;
			productType = "com.apple.product-type.application";
		};
/* End PBXNativeTarget section */

/* Begin PBXProject section */
		3ED46B0220016E7800A9574B /* Project object */ = {
			isa = PBXProject;
			attributes = {
				LastSwiftUpdateCheck = 0920;
				LastUpgradeCheck = 0920;
				ORGANIZATIONNAME = "Algonquin College";
				TargetAttributes = {
					3ED46B0920016E7800A9574B = {
						CreatedOnToolsVersion = 9.2;
						ProvisioningStyle = Automatic;
					};
				};
			};
			buildConfigurationList = 3ED46B0520016E7800A9574B /* Build configuration list for PBXProject "Doors Open Ottawa" */;
			compatibilityVersion = "Xcode 8.0";
			developmentRegion = en;
			hasScannedForEncodings = 0;
			knownRegions = (
				en,
				Base,
			);
			mainGroup = 3ED46B0120016E7800A9574B;
			productRefGroup = 3ED46B0B20016E7800A9574B /* Products */;
			projectDirPath = "";
			projectRoot = "";
			targets = (
				3ED46B0920016E7800A9574B /* Doors Open Ottawa */,
			);
		};
/* End PBXProject section */

/* Begin PBXResourcesBuildPhase section */
		3ED46B0820016E7800A9574B /* Resources */ = {
			isa = PBXResourcesBuildPhase;
			buildActionMask = 2147483647;
			files = (
				3ED46B1820016E7800A9574B /* LaunchScreen.storyboard in Resources */,
				3ED46B1520016E7800A9574B /* Assets.xcassets in Resources */,
				3ED46B1320016E7800A9574B /* Main.storyboard in Resources */,
			);
			runOnlyForDeploymentPostprocessing = 0;
		};
/* End PBXResourcesBuildPhase section */

/* Begin PBXSourcesBuildPhase section */
		3ED46B0620016E7800A9574B /* Sources */ = {
			isa = PBXSourcesBuildPhase;
			buildActionMask = 2147483647;
			files = (
				3ED46B2020016F6B00A9574B /* ViewController.swift in Sources */,
				3ED46B2220016F7A00A9574B /* TableViewController.swift in Sources */,
				3ED46B0E20016E7800A9574B /* AppDelegate.swift in Sources */,
			);
			runOnlyForDeploymentPostprocessing = 0;
		};
/* End PBXSourcesBuildPhase section */

/* Begin PBXVariantGroup section */
		3ED46B1120016E7800A9574B /* Main.storyboard */ = {
			isa = PBXVariantGroup;
			children = (
				3ED46B1220016E7800A9574B /* Base */,
			);
			name = Main.storyboard;
			sourceTree = "<group>";
		};
		3ED46B1620016E7800A9574B /* LaunchScreen.storyboard */ = {
			isa = PBXVariantGroup;
			children = (
				3ED46B1720016E7800A9574B /* Base */,
			);
			name = LaunchScreen.storyboard;
			sourceTree = "<group>";
		};
/* End PBXVariantGroup section */

/* Begin XCBuildConfiguration section */
		3ED46B1A20016E7800A9574B /* Debug */ = {
			isa = XCBuildConfiguration;
			buildSettings = {
				ALWAYS_SEARCH_USER_PATHS = NO;
				CLANG_ANALYZER_NONNULL = YES;
				CLANG_ANALYZER_NUMBER_OBJECT_CONVERSION = YES_AGGRESSIVE;
				CLANG_CXX_LANGUAGE_STANDARD = "gnu++14";
				CLANG_CXX_LIBRARY = "libc++";
				CLANG_ENABLE_MODULES = YES;
				CLANG_ENABLE_OBJC_ARC = YES;
				CLANG_WARN_BLOCK_CAPTURE_AUTORELEASING = YES;
				CLANG_WARN_BOOL_CONVERSION = YES;
				CLANG_WARN_COMMA = YES;
				CLANG_WARN_CONSTANT_CONVERSION = YES;
				CLANG_WARN_DIRECT_OBJC_ISA_USAGE = YES_ERROR;
				CLANG_WARN_DOCUMENTATION_COMMENTS = YES;
				CLANG_WARN_EMPTY_BODY = YES;
				CLANG_WARN_ENUM_CONVERSION = YES;
				CLANG_WARN_INFINITE_RECURSION = YES;
				CLANG_WARN_INT_CONVERSION = YES;
				CLANG_WARN_NON_LITERAL_NULL_CONVERSION = YES;
				CLANG_WARN_OBJC_LITERAL_CONVERSION = YES;
				CLANG_WARN_OBJC_ROOT_CLASS = YES_ERROR;
				CLANG_WARN_RANGE_LOOP_ANALYSIS = YES;
				CLANG_WARN_STRICT_PROTOTYPES = YES;
				CLANG_WARN_SUSPICIOUS_MOVE = YES;
				CLANG_WARN_UNGUARDED_AVAILABILITY = YES_AGGRESSIVE;
				CLANG_WARN_UNREACHABLE_CODE = YES;
				CLANG_WARN__DUPLICATE_METHOD_MATCH = YES;
				CODE_SIGN_IDENTITY = "iPhone Developer";
				COPY_PHASE_STRIP = NO;
				DEBUG_INFORMATION_FORMAT = dwarf;
				ENABLE_STRICT_OBJC_MSGSEND = YES;
				ENABLE_TESTABILITY = YES;
				GCC_C_LANGUAGE_STANDARD = gnu11;
				GCC_DYNAMIC_NO_PIC = NO;
				GCC_NO_COMMON_BLOCKS = YES;
				GCC_OPTIMIZATION_LEVEL = 0;
				GCC_PREPROCESSOR_DEFINITIONS = (
					"DEBUG=1",
					"$(inherited)",
				);
				GCC_WARN_64_TO_32_BIT_CONVERSION = YES;
				GCC_WARN_ABOUT_RETURN_TYPE = YES_ERROR;
				GCC_WARN_UNDECLARED_SELECTOR = YES;
				GCC_WARN_UNINITIALIZED_AUTOS = YES_AGGRESSIVE;
				GCC_WARN_UNUSED_FUNCTION = YES;
				GCC_WARN_UNUSED_VARIABLE = YES;
				IPHONEOS_DEPLOYMENT_TARGET = 11.2;
				MTL_ENABLE_DEBUG_INFO = YES;
				ONLY_ACTIVE_ARCH = YES;
				SDKROOT = iphoneos;
				SWIFT_ACTIVE_COMPILATION_CONDITIONS = DEBUG;
				SWIFT_OPTIMIZATION_LEVEL = "-Onone";
			};
			name = Debug;
		};
		3ED46B1B20016E7800A9574B /* Release */ = {
			isa = XCBuildConfiguration;
			buildSettings = {
				ALWAYS_SEARCH_USER_PATHS = NO;
				CLANG_ANALYZER_NONNULL = YES;
				CLANG_ANALYZER_NUMBER_OBJECT_CONVERSION = YES_AGGRESSIVE;
				CLANG_CXX_LANGUAGE_STANDARD = "gnu++14";
				CLANG_CXX_LIBRARY = "libc++";
				CLANG_ENABLE_MODULES = YES;
				CLANG_ENABLE_OBJC_ARC = YES;
				CLANG_WARN_BLOCK_CAPTURE_AUTORELEASING = YES;
				CLANG_WARN_BOOL_CONVERSION = YES;
				CLANG_WARN_COMMA = YES;
				CLANG_WARN_CONSTANT_CONVERSION = YES;
				CLANG_WARN_DIRECT_OBJC_ISA_USAGE = YES_ERROR;
				CLANG_WARN_DOCUMENTATION_COMMENTS = YES;
				CLANG_WARN_EMPTY_BODY = YES;
				CLANG_WARN_ENUM_CONVERSION = YES;
				CLANG_WARN_INFINITE_RECURSION = YES;
				CLANG_WARN_INT_CONVERSION = YES;
				CLANG_WARN_NON_LITERAL_NULL_CONVERSION = YES;
				CLANG_WARN_OBJC_LITERAL_CONVERSION = YES;
				CLANG_WARN_OBJC_ROOT_CLASS = YES_ERROR;
				CLANG_WARN_RANGE_LOOP_ANALYSIS = YES;
				CLANG_WARN_STRICT_PROTOTYPES = YES;
				CLANG_WARN_SUSPICIOUS_MOVE = YES;
				CLANG_WARN_UNGUARDED_AVAILABILITY = YES_AGGRESSIVE;
				CLANG_WARN_UNREACHABLE_CODE = YES;
				CLANG_WARN__DUPLICATE_METHOD_MATCH = YES;
				CODE_SIGN_IDENTITY = "iPhone Developer";
				COPY_PHASE_STRIP = NO;
				DEBUG_INFORMATION_FORMAT = "dwarf-with-dsym";
				ENABLE_NS_ASSERTIONS = NO;
				ENABLE_STRICT_OBJC_MSGSEND = YES;
				GCC_C_LANGUAGE_STANDARD = gnu11;
				GCC_NO_COMMON_BLOCKS = YES;
				GCC_WARN_64_TO_32_BIT_CONVERSION = YES;
				GCC_WARN_ABOUT_RETURN_TYPE = YES_ERROR;
				GCC_WARN_UNDECLARED_SELECTOR = YES;
				GCC_WARN_UNINITIALIZED_AUTOS = YES_AGGRESSIVE;
				GCC_WARN_UNUSED_FUNCTION = YES;
				GCC_WARN_UNUSED_VARIABLE = YES;
				IPHONEOS_DEPLOYMENT_TARGET = 11.2;
				MTL_ENABLE_DEBUG_INFO = NO;
				SDKROOT = iphoneos;
				SWIFT_OPTIMIZATION_LEVEL = "-Owholemodule";
				VALIDATE_PRODUCT = YES;
			};
			name = Release;
		};
		3ED46B1D20016E7800A9574B /* Debug */ = {
			isa = XCBuildConfiguration;
			buildSettings = {
				ASSETCATALOG_COMPILER_APPICON_NAME = AppIcon;
				CODE_SIGN_STYLE = Automatic;
				INFOPLIST_FILE = "Doors Open Ottawa/Info.plist";
				LD_RUNPATH_SEARCH_PATHS = "$(inherited) @executable_path/Frameworks";
				PRODUCT_BUNDLE_IDENTIFIER = "com.algonquinCollege.jaff0021.Doors-Open-Ottawa";
				PRODUCT_NAME = "$(TARGET_NAME)";
				SWIFT_VERSION = 4.0;
				TARGETED_DEVICE_FAMILY = "1,2";
			};
			name = Debug;
		};
		3ED46B1E20016E7800A9574B /* Release */ = {
			isa = XCBuildConfiguration;
			buildSettings = {
				ASSETCATALOG_COMPILER_APPICON_NAME = AppIcon;
				CODE_SIGN_STYLE = Automatic;
				INFOPLIST_FILE = "Doors Open Ottawa/Info.plist";
				LD_RUNPATH_SEARCH_PATHS = "$(inherited) @executable_path/Frameworks";
				PRODUCT_BUNDLE_IDENTIFIER = "com.algonquinCollege.jaff0021.Doors-Open-Ottawa";
				PRODUCT_NAME = "$(TARGET_NAME)";
				SWIFT_VERSION = 4.0;
				TARGETED_DEVICE_FAMILY = "1,2";
			};
			name = Release;
		};
/* End XCBuildConfiguration section */

/* Begin XCConfigurationList section */
		3ED46B0520016E7800A9574B /* Build configuration list for PBXProject "Doors Open Ottawa" */ = {
			isa = XCConfigurationList;
			buildConfigurations = (
				3ED46B1A20016E7800A9574B /* Debug */,
				3ED46B1B20016E7800A9574B /* Release */,
			);
			defaultConfigurationIsVisible = 0;
			defaultConfigurationName = Release;
		};
		3ED46B1C20016E7800A9574B /* Build configuration list for PBXNativeTarget "Doors Open Ottawa" */ = {
			isa = XCConfigurationList;
			buildConfigurations = (
				3ED46B1D20016E7800A9574B /* Debug */,
				3ED46B1E20016E7800A9574B /* Release */,
			);
			defaultConfigurationIsVisible = 0;
			defaultConfigurationName = Release;
		};
/* End XCConfigurationList section */
	};
	rootObject = 3ED46B0220016E7800A9574B /* Project object */;
}
